
Microsoft Visual Studio Solution File, Format Version 12.00
# Visual Studio Version 17
VisualStudioVersion = 17.8.34330.188
MinimumVisualStudioVersion = 10.0.40219.1
Project("{FAE04EC0-301F-11D3-BF4B-00C04F79EFBC}") = "UDI_AgentUI", "UDI_AgentUI\UDI_AgentUI.csproj", "{438F4AF7-1ED0-4876-9097-2710F8C05E75}"
EndProject
Global
	GlobalSection(SolutionConfigurationPlatforms) = preSolution
		Debug|Any CPU = Debug|Any CPU
		Release|Any CPU = Release|Any CPU
	EndGlobalSection
	GlobalSection(ProjectConfigurationPlatforms) = postSolution
		{438F4AF7-1ED0-4876-9097-2710F8C05E75}.Debug|Any CPU.ActiveCfg = Debug|Any CPU
		{438F4AF7-1ED0-4876-9097-2710F8C05E75}.Debug|Any CPU.Build.0 = Debug|Any CPU
		{438F4AF7-1ED0-4876-9097-2710F8C05E75}.Release|Any CPU.ActiveCfg = Release|Any CPU
		{438F4AF7-1ED0-4876-9097-2710F8C05E75}.Release|Any CPU.Build.0 = Release|Any CPU
	EndGlobalSection
	GlobalSection(SolutionProperties) = preSolution
		HideSolutionNode = FALSE
	EndGlobalSection
	GlobalSection(ExtensibilityGlobals) = postSolution
		SolutionGuid = {483668AA-3968-472C-8B77-8EED3DA80F14}
	EndGlobalSection
EndGlobal
